{
  "nodes": {
    "nixpkgs": {
      "locked": {
        "lastModified": 1675309347,
        "narHash": "sha256-D3CQ6HRDT2m3XJlrzb5jKq4vNFR5xFTEFKC7iSjlFpM=",
        "owner": "NixOS",
        "repo": "nixpkgs",
        "rev": "006c3bd4dd2f5d1d2094047f307cbf9e2b73d9c5",
        "type": "github"
      },
      "original": {
        "id": "nixpkgs",
        "type": "indirect"
      }
    },
    "root": {
      "inputs": {
        "nixpkgs": "nixpkgs"
      }
    }
  },
  "root": "root",
  "version": 7
}
