{
  "lockFileVersion": 13,
  "registryFileHashes": {
    "https://bcr.bazel.build/bazel_registry.json": "8a28e4aff06ee60aed2a8c281907fb8bcbf3b753c91fb5a5c57da3215d5b3497",
    "https://bcr.bazel.build/modules/abseil-cpp/20210324.2/MODULE.bazel": "7cd0312e064fde87c8d1cd79ba06c876bd23630c83466e9500321be55c96ace2",
    "https://bcr.bazel.build/modules/abseil-cpp/20211102.0/MODULE.bazel": "70390338f7a5106231d20620712f7cccb659cd0e9d073d1991c038eb9fc57589",
    "https://bcr.bazel.build/modules/abseil-cpp/20211102.0/source.json": "7e3a9adf473e9af076ae485ed649d5641ad50ec5c11718103f34de03170d94ad",
    "https://bcr.bazel.build/modules/apple_support/1.5.0/MODULE.bazel": "50341a62efbc483e8a2a6aec30994a58749bd7b885e18dd96aa8c33031e558ef",
    "https://bcr.bazel.build/modules/apple_support/1.5.0/source.json": "eb98a7627c0bc486b57f598ad8da50f6625d974c8f723e9ea71bd39f709c9862",
    "https://bcr.bazel.build/modules/aspect_bazel_lib/2.0.0/MODULE.bazel": "e118477db5c49419a88d78ebc7a2c2cea9d49600fe0f490c1903324a2c16ecd9",
    "https://bcr.bazel.build/modules/aspect_bazel_lib/2.16.0/MODULE.bazel": "852f9ebbda017572a7c113a2434592dd3b2f55cd9a0faea3d4be5a09a59e4900",
    "https://bcr.bazel.build/modules/aspect_bazel_lib/2.16.0/source.json": "87ffed720a2ba7cfe209d9ccc1be59e21ec3d434124ec126ab90e5913e9cb13b",
    "https://bcr.bazel.build/modules/aspect_rules_js/2.8.0/MODULE.bazel": "b2e0576866a3f1cca3286ad1efefa4099a6546a3239dffa802a551521e8fbf3d",
    "https://bcr.bazel.build/modules/aspect_rules_js/2.8.0/source.json": "5e68a29bef5b3609a60f2b3f7be02023d6ad8224c3501cc1b51ba66791f2f332",
    "https://bcr.bazel.build/modules/aspect_tools_telemetry/0.2.8/MODULE.bazel": "aa975a83e72bcaac62ee61ab12b788ea324a1d05c4aab28aadb202f647881679",
    "https://bcr.bazel.build/modules/aspect_tools_telemetry/0.2.8/source.json": "786cbc49377fb6bf4859aec5b1c61f8fc26b08e9fdb929e2dde2e1e2a406bd24",
    "https://bcr.bazel.build/modules/bazel_features/1.11.0/MODULE.bazel": "f9382337dd5a474c3b7d334c2f83e50b6eaedc284253334cf823044a26de03e8",
    "https://bcr.bazel.build/modules/bazel_features/1.11.0/source.json": "c9320aa53cd1c441d24bd6b716da087ad7e4ff0d9742a9884587596edfe53015",
    "https://bcr.bazel.build/modules/bazel_features/1.9.0/MODULE.bazel": "885151d58d90d8d9c811eb75e3288c11f850e1d6b481a8c9f766adee4712358b",
    "https://bcr.bazel.build/modules/bazel_skylib/1.0.3/MODULE.bazel": "bcb0fd896384802d1ad283b4e4eb4d718eebd8cb820b0a2c3a347fb971afd9d8",
    "https://bcr.bazel.build/modules/bazel_skylib/1.2.0/MODULE.bazel": "44fe84260e454ed94ad326352a698422dbe372b21a1ac9f3eab76eb531223686",
    "https://bcr.bazel.build/modules/bazel_skylib/1.2.1/MODULE.bazel": "f35baf9da0efe45fa3da1696ae906eea3d615ad41e2e3def4aeb4e8bc0ef9a7a",
    "https://bcr.bazel.build/modules/bazel_skylib/1.3.0/MODULE.bazel": "20228b92868bf5cfc41bda7afc8a8ba2a543201851de39d990ec957b513579c5",
    "https://bcr.bazel.build/modules/bazel_skylib/1.4.1/MODULE.bazel": "a0dcb779424be33100dcae821e9e27e4f2901d9dfd5333efe5ac6a8d7ab75e1d",
    "https://bcr.bazel.build/modules/bazel_skylib/1.4.2/MODULE.bazel": "3bd40978e7a1fac911d5989e6b09d8f64921865a45822d8b09e815eaa726a651",
    "https://bcr.bazel.build/modules/bazel_skylib/1.5.0/MODULE.bazel": "32880f5e2945ce6a03d1fbd588e9198c0a959bb42297b2cfaf1685b7bc32e138",
    "https://bcr.bazel.build/modules/bazel_skylib/1.6.1/MODULE.bazel": "8fdee2dbaace6c252131c00e1de4b165dc65af02ea278476187765e1a617b917",
    "https://bcr.bazel.build/modules/bazel_skylib/1.6.1/source.json": "082ed5f9837901fada8c68c2f3ddc958bb22b6d654f71dd73f3df30d45d4b749",
    "https://bcr.bazel.build/modules/buildozer/7.1.2/MODULE.bazel": "2e8dd40ede9c454042645fd8d8d0cd1527966aa5c919de86661e62953cd73d84",
    "https://bcr.bazel.build/modules/buildozer/7.1.2/source.json": "c9028a501d2db85793a6996205c8de120944f50a0d570438fcae0457a5f9d1f8",
    "https://bcr.bazel.build/modules/googletest/1.11.0/MODULE.bazel": "3a83f095183f66345ca86aa13c58b59f9f94a2f81999c093d4eeaa2d262d12f4",
    "https://bcr.bazel.build/modules/googletest/1.11.0/source.json": "c73d9ef4268c91bd0c1cd88f1f9dfa08e814b1dbe89b5f594a9f08ba0244d206",
    "https://bcr.bazel.build/modules/platforms/0.0.10/MODULE.bazel": "8cb8efaf200bdeb2150d93e162c40f388529a25852b332cec879373771e48ed5",
    "https://bcr.bazel.build/modules/platforms/0.0.4/MODULE.bazel": "9b328e31ee156f53f3c416a64f8491f7eb731742655a47c9eec4703a71644aee",
    "https://bcr.bazel.build/modules/platforms/0.0.5/MODULE.bazel": "5733b54ea419d5eaf7997054bb55f6a1d0b5ff8aedf0176fef9eea44f3acda37",
    "https://bcr.bazel.build/modules/platforms/0.0.6/MODULE.bazel": "ad6eeef431dc52aefd2d77ed20a4b353f8ebf0f4ecdd26a807d2da5aa8cd0615",
    "https://bcr.bazel.build/modules/platforms/0.0.7/MODULE.bazel": "72fd4a0ede9ee5c021f6a8dd92b503e089f46c227ba2813ff183b71616034814",
    "https://bcr.bazel.build/modules/platforms/0.0.9/MODULE.bazel": "4a87a60c927b56ddd67db50c89acaa62f4ce2a1d2149ccb63ffd871d5ce29ebc",
    "https://bcr.bazel.build/modules/platforms/1.0.0/MODULE.bazel": "f05feb42b48f1b3c225e4ccf351f367be0371411a803198ec34a389fb22aa580",
    "https://bcr.bazel.build/modules/platforms/1.0.0/source.json": "f4ff1fd412e0246fd38c82328eb209130ead81d62dcd5a9e40910f867f733d96",
    "https://bcr.bazel.build/modules/protobuf/21.7/MODULE.bazel": "a5a29bb89544f9b97edce05642fac225a808b5b7be74038ea3640fae2f8e66a7",
    "https://bcr.bazel.build/modules/protobuf/21.7/source.json": "bbe500720421e582ff2d18b0802464205138c06056f443184de39fbb8187b09b",
    "https://bcr.bazel.build/modules/protobuf/3.19.0/MODULE.bazel": "6b5fbb433f760a99a22b18b6850ed5784ef0e9928a72668b66e4d7ccd47db9b0",
    "https://bcr.bazel.build/modules/protobuf/3.19.6/MODULE.bazel": "9233edc5e1f2ee276a60de3eaa47ac4132302ef9643238f23128fea53ea12858",
    "https://bcr.bazel.build/modules/rules_cc/0.0.1/MODULE.bazel": "cb2aa0747f84c6c3a78dad4e2049c154f08ab9d166b1273835a8174940365647",
    "https://bcr.bazel.build/modules/rules_cc/0.0.2/MODULE.bazel": "6915987c90970493ab97393024c156ea8fb9f3bea953b2f3ec05c34f19b5695c",
    "https://bcr.bazel.build/modules/rules_cc/0.0.8/MODULE.bazel": "964c85c82cfeb6f3855e6a07054fdb159aced38e99a5eecf7bce9d53990afa3e",
    "https://bcr.bazel.build/modules/rules_cc/0.0.9/MODULE.bazel": "836e76439f354b89afe6a911a7adf59a6b2518fafb174483ad78a2a2fde7b1c5",
    "https://bcr.bazel.build/modules/rules_cc/0.0.9/source.json": "1f1ba6fea244b616de4a554a0f4983c91a9301640c8fe0dd1d410254115c8430",
    "https://bcr.bazel.build/modules/rules_java/4.0.0/MODULE.bazel": "5a78a7ae82cd1a33cef56dc578c7d2a46ed0dca12643ee45edbb8417899e6f74",
    "https://bcr.bazel.build/modules/rules_java/5.3.5/MODULE.bazel": "a4ec4f2db570171e3e5eb753276ee4b389bae16b96207e9d3230895c99644b86",
    "https://bcr.bazel.build/modules/rules_java/6.3.0/MODULE.bazel": "a97c7678c19f236a956ad260d59c86e10a463badb7eb2eda787490f4c969b963",
    "https://bcr.bazel.build/modules/rules_java/7.6.5/MODULE.bazel": "481164be5e02e4cab6e77a36927683263be56b7e36fef918b458d7a8a1ebadb1",
    "https://bcr.bazel.build/modules/rules_java/7.6.5/source.json": "a805b889531d1690e3c72a7a7e47a870d00323186a9904b36af83aa3d053ee8d",
    "https://bcr.bazel.build/modules/rules_jvm_external/4.4.2/MODULE.bazel": "a56b85e418c83eb1839819f0b515c431010160383306d13ec21959ac412d2fe7",
    "https://bcr.bazel.build/modules/rules_jvm_external/5.2/MODULE.bazel": "d9351ba35217ad0de03816ef3ed63f89d411349353077348a45348b096615036",
    "https://bcr.bazel.build/modules/rules_jvm_external/5.2/source.json": "10572111995bc349ce31c78f74b3c147f6b3233975c7fa5eff9211f6db0d34d9",
    "https://bcr.bazel.build/modules/rules_license/0.0.3/MODULE.bazel": "627e9ab0247f7d1e05736b59dbb1b6871373de5ad31c3011880b4133cafd4bd0",
    "https://bcr.bazel.build/modules/rules_license/0.0.7/MODULE.bazel": "088fbeb0b6a419005b89cf93fe62d9517c0a2b8bb56af3244af65ecfe37e7d5d",
    "https://bcr.bazel.build/modules/rules_license/1.0.0/MODULE.bazel": "a7fda60eefdf3d8c827262ba499957e4df06f659330bbe6cdbdb975b768bb65c",
    "https://bcr.bazel.build/modules/rules_license/1.0.0/source.json": "a52c89e54cc311196e478f8382df91c15f7a2bfdf4c6cd0e2675cc2ff0b56efb",
    "https://bcr.bazel.build/modules/rules_nodejs/6.3.0/MODULE.bazel": "45345e4aba35dd6e4701c1eebf5a4e67af4ed708def9ebcdc6027585b34ee52d",
    "https://bcr.bazel.build/modules/rules_nodejs/6.3.0/source.json": "1254ffd8d0d908a19c67add7fb5e2a1f604df133bc5d206425264293e2e537fc",
    "https://bcr.bazel.build/modules/rules_pkg/0.7.0/MODULE.bazel": "df99f03fc7934a4737122518bb87e667e62d780b610910f0447665a7e2be62dc",
    "https://bcr.bazel.build/modules/rules_pkg/0.7.0/source.json": "c2557066e0c0342223ba592510ad3d812d4963b9024831f7f66fd0584dd8c66c",
    "https://bcr.bazel.build/modules/rules_proto/4.0.0/MODULE.bazel": "a7a7b6ce9bee418c1a760b3d84f83a299ad6952f9903c67f19e4edd964894e06",
    "https://bcr.bazel.build/modules/rules_proto/5.3.0-21.7/MODULE.bazel": "e8dff86b0971688790ae75528fe1813f71809b5afd57facb44dad9e8eca631b7",
    "https://bcr.bazel.build/modules/rules_proto/5.3.0-21.7/source.json": "d57902c052424dfda0e71646cb12668d39c4620ee0544294d9d941e7d12bc3a9",
    "https://bcr.bazel.build/modules/rules_python/0.10.2/MODULE.bazel": "cc82bc96f2997baa545ab3ce73f196d040ffb8756fd2d66125a530031cd90e5f",
    "https://bcr.bazel.build/modules/rules_python/0.22.1/MODULE.bazel": "26114f0c0b5e93018c0c066d6673f1a2c3737c7e90af95eff30cfee38d0bbac7",
    "https://bcr.bazel.build/modules/rules_python/0.22.1/source.json": "57226905e783bae7c37c2dd662be078728e48fa28ee4324a7eabcafb5a43d014",
    "https://bcr.bazel.build/modules/rules_python/0.4.0/MODULE.bazel": "9208ee05fd48bf09ac60ed269791cf17fb343db56c8226a720fbb1cdf467166c",
    "https://bcr.bazel.build/modules/stardoc/0.5.1/MODULE.bazel": "1a05d92974d0c122f5ccf09291442580317cdd859f07a8655f1db9a60374f9f8",
    "https://bcr.bazel.build/modules/stardoc/0.5.3/MODULE.bazel": "c7f6948dae6999bf0db32c1858ae345f112cacf98f174c7a8bb707e41b974f1c",
    "https://bcr.bazel.build/modules/stardoc/0.5.4/MODULE.bazel": "6569966df04610b8520957cb8e97cf2e9faac2c0309657c537ab51c16c18a2a4",
    "https://bcr.bazel.build/modules/stardoc/0.6.2/MODULE.bazel": "7060193196395f5dd668eda046ccbeacebfd98efc77fed418dbe2b82ffaa39fd",
    "https://bcr.bazel.build/modules/stardoc/0.6.2/source.json": "d2ff8063b63b4a85e65fe595c4290f99717434fa9f95b4748a79a7d04dfed349",
    "https://bcr.bazel.build/modules/upb/0.0.0-20220923-a547704/MODULE.bazel": "7298990c00040a0e2f121f6c32544bab27d4452f80d9ce51349b1a28f3005c43",
    "https://bcr.bazel.build/modules/upb/0.0.0-20220923-a547704/source.json": "f1ef7d3f9e0e26d4b23d1c39b5f5de71f584dd7d1b4ef83d9bbba6ec7a6a6459",
    "https://bcr.bazel.build/modules/zlib/1.2.11/MODULE.bazel": "07b389abc85fdbca459b69e2ec656ae5622873af3f845e1c9d80fe179f3effa0",
    "https://bcr.bazel.build/modules/zlib/1.2.12/MODULE.bazel": "3b1a8834ada2a883674be8cbd36ede1b6ec481477ada359cd2d3ddc562340b27",
    "https://bcr.bazel.build/modules/zlib/1.3.1.bcr.3/MODULE.bazel": "af322bc08976524477c79d1e45e241b6efbeb918c497e8840b8ab116802dda79",
    "https://bcr.bazel.build/modules/zlib/1.3.1.bcr.3/source.json": "2be409ac3c7601245958cd4fcdff4288be79ed23bd690b4b951f500d54ee6e7d"
  },
  "selectedYankedVersions": {},
  "moduleExtensions": {
    "//:extension.bzl%nodejs_configure": {
      "general": {
        "bzlTransitiveDigest": "LmzRMZyDpTSN84nPFwxKW/7w2E+0PIq/FmlCoaU0Xxo=",
        "usagesDigest": "J2+HSvaCodANQfVjflYyTyUbmAgfCINVgZqk2NCbwes=",
        "recordedFileInputs": {},
        "recordedDirentsInputs": {},
        "envVariables": {},
        "generatedRepoSpecs": {
          "nixpkgs_nodejs": {
            "bzlFile": "@@rules_nixpkgs_core~//:nixpkgs.bzl",
            "ruleClassName": "_nixpkgs_package",
            "attributes": {
              "unmangled_name": "nixpkgs_nodejs",
              "attribute_path": "",
              "nix_file_deps": {},
              "nix_file_content": "let\n    pkgs = import <nixpkgs> { config = {}; overlays = []; system = builtins.currentSystem; };\n    nodejs = pkgs.nodejs;\nin\npkgs.buildEnv {\n  extraOutputsToInstall = [\"out\" \"bin\" \"lib\"];\n  name = \"bazel-nodejs-toolchain\";\n  paths  = [ nodejs ];\n  postBuild = ''\n    touch $out/ROOT\n    cat <<EOF > $out/BUILD\n\n    filegroup(\n        name = \"nodejs\",\n        srcs = [\"bin/node\"],\n        visibility = [\"//visibility:public\"],\n    )\n\n    load(\"@rules_nodejs//nodejs:toolchain.bzl\", \"nodejs_toolchain\")\n    nodejs_toolchain(\n        name = \"nodejs_nix_impl\",\n        node = \":nodejs\",\n        visibility = [\"//visibility:public\"],\n    )\n\n    EOF\n  '';\n}\n",
              "nix_license_path": "",
              "repository": "@@rules_nixpkgs_core~~nix_repo~nixpkgs//:nixpkgs",
              "repositories": {},
              "build_file_content": "",
              "nixopts": [],
              "quiet": false,
              "fail_not_supported": true
            }
          },
          "nixpkgs_nodejs_toolchain": {
            "bzlFile": "@@rules_nixpkgs_nodejs~//:nodejs.bzl",
            "ruleClassName": "_nixpkgs_nodejs_toolchain",
            "attributes": {
              "toolchain_repo": "nixpkgs_nodejs",
              "exec_constraints": [],
              "target_constraints": []
            }
          }
        },
        "recordedRepoMappingEntries": [
          [
            "",
            "rules_nixpkgs_nodejs",
            "rules_nixpkgs_nodejs~"
          ],
          [
            "rules_nixpkgs_core~",
            "bazel_skylib",
            "bazel_skylib~"
          ],
          [
            "rules_nixpkgs_nodejs~",
            "rules_nixpkgs_core",
            "rules_nixpkgs_core~"
          ],
          [
            "rules_nixpkgs_nodejs~",
            "rules_nodejs",
            "rules_nodejs~"
          ]
        ]
      }
    },
    "@@apple_support~//crosstool:setup.bzl%apple_cc_configure_extension": {
      "general": {
        "bzlTransitiveDigest": "PjIds3feoYE8SGbbIq2SFTZy3zmxeO2tQevJZNDo7iY=",
        "usagesDigest": "+hz7IHWN6A1oVJJWNDB6yZRG+RYhF76wAYItpAeIUIg=",
        "recordedFileInputs": {},
        "recordedDirentsInputs": {},
        "envVariables": {},
        "generatedRepoSpecs": {
          "local_config_apple_cc_toolchains": {
            "bzlFile": "@@apple_support~//crosstool:setup.bzl",
            "ruleClassName": "_apple_cc_autoconf_toolchains",
            "attributes": {}
          },
          "local_config_apple_cc": {
            "bzlFile": "@@apple_support~//crosstool:setup.bzl",
            "ruleClassName": "_apple_cc_autoconf",
            "attributes": {}
          }
        },
        "recordedRepoMappingEntries": [
          [
            "apple_support~",
            "bazel_tools",
            "bazel_tools"
          ]
        ]
      }
    },
    "@@aspect_rules_js~//npm:extensions.bzl%pnpm": {
      "general": {
        "bzlTransitiveDigest": "clJySulwtAGFkieatPVm3EeuZvdMmbiZ+Yai2nKrFCU=",
        "usagesDigest": "fFqNHSMRWC0MRZPkXU72wbsr4RWE9X4ZDzbghk7i9jc=",
        "recordedFileInputs": {},
        "recordedDirentsInputs": {},
        "envVariables": {},
        "generatedRepoSpecs": {
          "pnpm": {
            "bzlFile": "@@aspect_rules_js~//npm/private:npm_import.bzl",
            "ruleClassName": "npm_import_rule",
            "attributes": {
              "package": "pnpm",
              "version": "9.15.9",
              "root_package": "",
              "link_workspace": "",
              "link_packages": {},
              "integrity": "sha512-aARhQYk8ZvrQHAeSMRKOmvuJ74fiaR1p5NQO7iKJiClf1GghgbrlW1hBjDolO95lpQXsfF+UA+zlzDzTfc8lMQ==",
              "url": "",
              "commit": "",
              "patch_args": [
                "-p0"
              ],
              "patches": [],
              "custom_postinstall": "",
              "npm_auth": "",
              "npm_auth_basic": "",
              "npm_auth_username": "",
              "npm_auth_password": "",
              "lifecycle_hooks": [],
              "extra_build_content": "load(\"@aspect_rules_js//js:defs.bzl\", \"js_binary\")\njs_binary(name = \"pnpm\", data = glob([\"package/**\"]), entry_point = \"package/dist/pnpm.cjs\", visibility = [\"//visibility:public\"])",
              "generate_bzl_library_targets": false,
              "extract_full_archive": true,
              "exclude_package_contents": []
            }
          },
          "pnpm__links": {
            "bzlFile": "@@aspect_rules_js~//npm/private:npm_import.bzl",
            "ruleClassName": "npm_import_links",
            "attributes": {
              "package": "pnpm",
              "version": "9.15.9",
              "dev": false,
              "root_package": "",
              "link_packages": {},
              "deps": {},
              "transitive_closure": {},
              "lifecycle_build_target": false,
              "lifecycle_hooks_env": [],
              "lifecycle_hooks_execution_requirements": [
                "no-sandbox"
              ],
              "lifecycle_hooks_use_default_shell_env": false,
              "bins": {},
              "package_visibility": [
                "//visibility:public"
              ],
              "replace_package": "",
              "exclude_package_contents": []
            }
          }
        },
        "recordedRepoMappingEntries": [
          [
            "aspect_bazel_lib~",
            "aspect_bazel_lib",
            "aspect_bazel_lib~"
          ],
          [
            "aspect_bazel_lib~",
            "bazel_skylib",
            "bazel_skylib~"
          ],
          [
            "aspect_bazel_lib~",
            "bazel_tools",
            "bazel_tools"
          ],
          [
            "aspect_rules_js~",
            "aspect_bazel_lib",
            "aspect_bazel_lib~"
          ],
          [
            "aspect_rules_js~",
            "aspect_rules_js",
            "aspect_rules_js~"
          ],
          [
            "aspect_rules_js~",
            "aspect_tools_telemetry_report",
            "aspect_tools_telemetry~~telemetry~aspect_tools_telemetry_report"
          ],
          [
            "aspect_rules_js~",
            "bazel_features",
            "bazel_features~"
          ],
          [
            "aspect_rules_js~",
            "bazel_skylib",
            "bazel_skylib~"
          ],
          [
            "aspect_rules_js~",
            "bazel_tools",
            "bazel_tools"
          ],
          [
            "bazel_features~",
            "bazel_features_globals",
            "bazel_features~~version_extension~bazel_features_globals"
          ],
          [
            "bazel_features~",
            "bazel_features_version",
            "bazel_features~~version_extension~bazel_features_version"
          ]
        ]
      }
    },
    "@@aspect_tools_telemetry~//:extension.bzl%telemetry": {
      "general": {
        "bzlTransitiveDigest": "h7118dRPhAit86GMl6j5gBl9GMNxJcyh6iTwa9ETEfE=",
        "usagesDigest": "N4f4jPp0TFS/ja9ns6wysOgv2XzYIEqAo3YRQQVoFls=",
        "recordedFileInputs": {},
        "recordedDirentsInputs": {},
        "envVariables": {},
        "generatedRepoSpecs": {
          "aspect_tools_telemetry_report": {
            "bzlFile": "@@aspect_tools_telemetry~//:extension.bzl",
            "ruleClassName": "tel_repository",
            "attributes": {
              "deps": {
                "aspect_rules_js": "2.8.0",
                "aspect_tools_telemetry": "0.2.8"
              }
            }
          }
        },
        "recordedRepoMappingEntries": [
          [
            "aspect_tools_telemetry~",
            "aspect_bazel_lib",
            "aspect_bazel_lib~"
          ],
          [
            "aspect_tools_telemetry~",
            "bazel_skylib",
            "bazel_skylib~"
          ]
        ]
      }
    },
    "@@rules_nixpkgs_core~//extensions:repository.bzl%nix_repo": {
      "general": {
        "bzlTransitiveDigest": "z+j19HhuuM6dDCOdqc2E8d6IRwoY//hNMW52fSieSF4=",
        "usagesDigest": "GELXahIY3+uMi1FOh7eTR/qOstwxpD3rEuDGAg1DheU=",
        "recordedFileInputs": {},
        "recordedDirentsInputs": {},
        "envVariables": {},
        "generatedRepoSpecs": {
          "nixpkgs": {
            "bzlFile": "@@rules_nixpkgs_core~//:nixpkgs.bzl",
            "ruleClassName": "_nixpkgs_local_repository",
            "attributes": {
              "unmangled_name": "nixpkgs",
              "nix_file": "@@//:nixpkgs.nix",
              "nix_file_deps": [
                "@@//:nixpkgs.json"
              ],
              "nix_file_content": ""
            }
          }
        },
        "moduleExtensionMetadata": {
          "explicitRootModuleDirectDeps": [
            "nixpkgs"
          ],
          "explicitRootModuleDirectDevDeps": [],
          "useAllRepos": "NO",
          "reproducible": false
        },
        "recordedRepoMappingEntries": [
          [
            "rules_nixpkgs_core~",
            "bazel_skylib",
            "bazel_skylib~"
          ]
        ]
      }
    },
    "@@rules_nixpkgs_nodejs~//extensions:toolchain.bzl%nix_nodejs": {
      "general": {
        "bzlTransitiveDigest": "d3rCHTdsy+/IkmHByVgrbGjJr840sZQUdkyjx0x0ibE=",
        "usagesDigest": "Bk/YukmswZlp1Z+p4Mnzr/dmihFfdd2ujRT+AANXa1k=",
        "recordedFileInputs": {},
        "recordedDirentsInputs": {},
        "envVariables": {},
        "generatedRepoSpecs": {
          "nixpkgs_nodejs_darwin_arm64": {
            "bzlFile": "@@rules_nixpkgs_core~//:nixpkgs.bzl",
            "ruleClassName": "_nixpkgs_package",
            "attributes": {
              "unmangled_name": "nixpkgs_nodejs_darwin_arm64",
              "attribute_path": "",
              "nix_file_deps": {},
              "nix_file_content": "let\n    pkgs = import <nixpkgs> { config = {}; overlays = []; system = \"aarch64-darwin\"; };\n    nodejs = pkgs.nodejs;\nin\npkgs.buildEnv {\n  extraOutputsToInstall = [\"out\" \"bin\" \"lib\"];\n  name = \"bazel-nodejs-toolchain\";\n  paths  = [ nodejs ];\n  postBuild = ''\n    touch $out/ROOT\n    cat <<EOF > $out/BUILD\n\n    filegroup(\n        name = \"nodejs\",\n        srcs = [\"bin/node\"],\n        visibility = [\"//visibility:public\"],\n    )\n\n    load(\"@rules_nodejs//nodejs:toolchain.bzl\", \"nodejs_toolchain\")\n    nodejs_toolchain(\n        name = \"nodejs_nix_impl\",\n        node = \":nodejs\",\n        visibility = [\"//visibility:public\"],\n    )\n\n    EOF\n  '';\n}\n",
              "nix_license_path": "",
              "repository": "@@rules_nixpkgs_core~~nix_repo~nixpkgs//:nixpkgs",
              "repositories": {},
              "build_file_content": "",
              "nixopts": [],
              "quiet": false,
              "fail_not_supported": true
            }
          },
          "nixpkgs_nodejs_linux_amd64": {
            "bzlFile": "@@rules_nixpkgs_core~//:nixpkgs.bzl",
            "ruleClassName": "_nixpkgs_package",
            "attributes": {
              "unmangled_name": "nixpkgs_nodejs_linux_amd64",
              "attribute_path": "",
              "nix_file_deps": {},
              "nix_file_content": "let\n    pkgs = import <nixpkgs> { config = {}; overlays = []; system = \"x86_64-linux\"; };\n    nodejs = pkgs.nodejs;\nin\npkgs.buildEnv {\n  extraOutputsToInstall = [\"out\" \"bin\" \"lib\"];\n  name = \"bazel-nodejs-toolchain\";\n  paths  = [ nodejs ];\n  postBuild = ''\n    touch $out/ROOT\n    cat <<EOF > $out/BUILD\n\n    filegroup(\n        name = \"nodejs\",\n        srcs = [\"bin/node\"],\n        visibility = [\"//visibility:public\"],\n    )\n\n    load(\"@rules_nodejs//nodejs:toolchain.bzl\", \"nodejs_toolchain\")\n    nodejs_toolchain(\n        name = \"nodejs_nix_impl\",\n        node = \":nodejs\",\n        visibility = [\"//visibility:public\"],\n    )\n\n    EOF\n  '';\n}\n",
              "nix_license_path": "",
              "repository": "@@rules_nixpkgs_core~~nix_repo~nixpkgs//:nixpkgs",
              "repositories": {},
              "build_file_content": "",
              "nixopts": [],
              "quiet": false,
              "fail_not_supported": true
            }
          },
          "nixpkgs_nodejs_darwin_amd64": {
            "bzlFile": "@@rules_nixpkgs_core~//:nixpkgs.bzl",
            "ruleClassName": "_nixpkgs_package",
            "attributes": {
              "unmangled_name": "nixpkgs_nodejs_darwin_amd64",
              "attribute_path": "",
              "nix_file_deps": {},
              "nix_file_content": "let\n    pkgs = import <nixpkgs> { config = {}; overlays = []; system = \"x86_64-darwin\"; };\n    nodejs = pkgs.nodejs;\nin\npkgs.buildEnv {\n  extraOutputsToInstall = [\"out\" \"bin\" \"lib\"];\n  name = \"bazel-nodejs-toolchain\";\n  paths  = [ nodejs ];\n  postBuild = ''\n    touch $out/ROOT\n    cat <<EOF > $out/BUILD\n\n    filegroup(\n        name = \"nodejs\",\n        srcs = [\"bin/node\"],\n        visibility = [\"//visibility:public\"],\n    )\n\n    load(\"@rules_nodejs//nodejs:toolchain.bzl\", \"nodejs_toolchain\")\n    nodejs_toolchain(\n        name = \"nodejs_nix_impl\",\n        node = \":nodejs\",\n        visibility = [\"//visibility:public\"],\n    )\n\n    EOF\n  '';\n}\n",
              "nix_license_path": "",
              "repository": "@@rules_nixpkgs_core~~nix_repo~nixpkgs//:nixpkgs",
              "repositories": {},
              "build_file_content": "",
              "nixopts": [],
              "quiet": false,
              "fail_not_supported": true
            }
          },
          "nixpkgs_nodejs_linux_arm64": {
            "bzlFile": "@@rules_nixpkgs_core~//:nixpkgs.bzl",
            "ruleClassName": "_nixpkgs_package",
            "attributes": {
              "unmangled_name": "nixpkgs_nodejs_linux_arm64",
              "attribute_path": "",
              "nix_file_deps": {},
              "nix_file_content": "let\n    pkgs = import <nixpkgs> { config = {}; overlays = []; system = \"aarch64-linux\"; };\n    nodejs = pkgs.nodejs;\nin\npkgs.buildEnv {\n  extraOutputsToInstall = [\"out\" \"bin\" \"lib\"];\n  name = \"bazel-nodejs-toolchain\";\n  paths  = [ nodejs ];\n  postBuild = ''\n    touch $out/ROOT\n    cat <<EOF > $out/BUILD\n\n    filegroup(\n        name = \"nodejs\",\n        srcs = [\"bin/node\"],\n        visibility = [\"//visibility:public\"],\n    )\n\n    load(\"@rules_nodejs//nodejs:toolchain.bzl\", \"nodejs_toolchain\")\n    nodejs_toolchain(\n        name = \"nodejs_nix_impl\",\n        node = \":nodejs\",\n        visibility = [\"//visibility:public\"],\n    )\n\n    EOF\n  '';\n}\n",
              "nix_license_path": "",
              "repository": "@@rules_nixpkgs_core~~nix_repo~nixpkgs//:nixpkgs",
              "repositories": {},
              "build_file_content": "",
              "nixopts": [],
              "quiet": false,
              "fail_not_supported": true
            }
          },
          "nixpkgs_nodejs_toolchains": {
            "bzlFile": "@@rules_nixpkgs_nodejs~//extensions:toolchain.bzl",
            "ruleClassName": "_toolchains_repo",
            "attributes": {
              "names": [
                "darwin_arm64",
                "linux_amd64",
                "darwin_amd64",
                "linux_arm64"
              ],
              "labels": [
                "@nixpkgs_nodejs_darwin_arm64//:nodejs_nix_impl",
                "@nixpkgs_nodejs_linux_amd64//:nodejs_nix_impl",
                "@nixpkgs_nodejs_darwin_amd64//:nodejs_nix_impl",
                "@nixpkgs_nodejs_linux_arm64//:nodejs_nix_impl"
              ],
              "exec_constraints": [
                "'@@platforms//os:macos'",
                "'@@platforms//cpu:arm64'",
                "'@@platforms//os:linux'",
                "'@@platforms//cpu:x86_64'",
                "'@@platforms//os:macos'",
                "'@@platforms//cpu:x86_64'",
                "'@@platforms//os:linux'",
                "'@@platforms//cpu:arm64'"
              ],
              "exec_lengths": [
                2,
                2,
                2,
                2
              ],
              "target_constraints": [
                "'@@platforms//os:macos'",
                "'@@platforms//cpu:arm64'",
                "'@@platforms//os:linux'",
                "'@@platforms//cpu:x86_64'",
                "'@@platforms//os:macos'",
                "'@@platforms//cpu:x86_64'",
                "'@@platforms//os:linux'",
                "'@@platforms//cpu:arm64'"
              ],
              "target_lengths": [
                2,
                2,
                2,
                2
              ]
            }
          }
        },
        "recordedRepoMappingEntries": [
          [
            "rules_nixpkgs_core~",
            "bazel_skylib",
            "bazel_skylib~"
          ],
          [
            "rules_nixpkgs_nodejs~",
            "platforms",
            "platforms"
          ],
          [
            "rules_nixpkgs_nodejs~",
            "rules_nixpkgs_core",
            "rules_nixpkgs_core~"
          ],
          [
            "rules_nixpkgs_nodejs~",
            "rules_nodejs",
            "rules_nodejs~"
          ]
        ]
      }
    },
    "@@rules_nodejs~//nodejs:extensions.bzl%node": {
      "general": {
        "bzlTransitiveDigest": "SqbzUarOVzAfK28Ca5+NIU3LUwnW/b3h0xXBUS97oyI=",
        "usagesDigest": "cL5PgzCNkRJdTXK3ZyikOYlCGyXOElVENVVcq3/P2TE=",
        "recordedFileInputs": {},
        "recordedDirentsInputs": {},
        "envVariables": {},
        "generatedRepoSpecs": {
          "nodejs_linux_amd64": {
            "bzlFile": "@@rules_nodejs~//nodejs:repositories.bzl",
            "ruleClassName": "_nodejs_repositories",
            "attributes": {
              "node_download_auth": {},
              "node_repositories": {},
              "node_urls": [
                "https://nodejs.org/dist/v{version}/{filename}"
              ],
              "node_version": "18.20.4",
              "include_headers": false,
              "platform": "linux_amd64"
            }
          },
          "nodejs_linux_arm64": {
            "bzlFile": "@@rules_nodejs~//nodejs:repositories.bzl",
            "ruleClassName": "_nodejs_repositories",
            "attributes": {
              "node_download_auth": {},
              "node_repositories": {},
              "node_urls": [
                "https://nodejs.org/dist/v{version}/{filename}"
              ],
              "node_version": "18.20.4",
              "include_headers": false,
              "platform": "linux_arm64"
            }
          },
          "nodejs_linux_s390x": {
            "bzlFile": "@@rules_nodejs~//nodejs:repositories.bzl",
            "ruleClassName": "_nodejs_repositories",
            "attributes": {
              "node_download_auth": {},
              "node_repositories": {},
              "node_urls": [
                "https://nodejs.org/dist/v{version}/{filename}"
              ],
              "node_version": "18.20.4",
              "include_headers": false,
              "platform": "linux_s390x"
            }
          },
          "nodejs_linux_ppc64le": {
            "bzlFile": "@@rules_nodejs~//nodejs:repositories.bzl",
            "ruleClassName": "_nodejs_repositories",
            "attributes": {
              "node_download_auth": {},
              "node_repositories": {},
              "node_urls": [
                "https://nodejs.org/dist/v{version}/{filename}"
              ],
              "node_version": "18.20.4",
              "include_headers": false,
              "platform": "linux_ppc64le"
            }
          },
          "nodejs_darwin_amd64": {
            "bzlFile": "@@rules_nodejs~//nodejs:repositories.bzl",
            "ruleClassName": "_nodejs_repositories",
            "attributes": {
              "node_download_auth": {},
              "node_repositories": {},
              "node_urls": [
                "https://nodejs.org/dist/v{version}/{filename}"
              ],
              "node_version": "18.20.4",
              "include_headers": false,
              "platform": "darwin_amd64"
            }
          },
          "nodejs_darwin_arm64": {
            "bzlFile": "@@rules_nodejs~//nodejs:repositories.bzl",
            "ruleClassName": "_nodejs_repositories",
            "attributes": {
              "node_download_auth": {},
              "node_repositories": {},
              "node_urls": [
                "https://nodejs.org/dist/v{version}/{filename}"
              ],
              "node_version": "18.20.4",
              "include_headers": false,
              "platform": "darwin_arm64"
            }
          },
          "nodejs_windows_amd64": {
            "bzlFile": "@@rules_nodejs~//nodejs:repositories.bzl",
            "ruleClassName": "_nodejs_repositories",
            "attributes": {
              "node_download_auth": {},
              "node_repositories": {},
              "node_urls": [
                "https://nodejs.org/dist/v{version}/{filename}"
              ],
              "node_version": "18.20.4",
              "include_headers": false,
              "platform": "windows_amd64"
            }
          },
          "nodejs": {
            "bzlFile": "@@rules_nodejs~//nodejs/private:nodejs_repo_host_os_alias.bzl",
            "ruleClassName": "nodejs_repo_host_os_alias",
            "attributes": {
              "user_node_repository_name": "nodejs"
            }
          },
          "nodejs_host": {
            "bzlFile": "@@rules_nodejs~//nodejs/private:nodejs_repo_host_os_alias.bzl",
            "ruleClassName": "nodejs_repo_host_os_alias",
            "attributes": {
              "user_node_repository_name": "nodejs"
            }
          },
          "nodejs_toolchains": {
            "bzlFile": "@@rules_nodejs~//nodejs/private:nodejs_toolchains_repo.bzl",
            "ruleClassName": "nodejs_toolchains_repo",
            "attributes": {
              "user_node_repository_name": "nodejs"
            }
          }
        },
        "recordedRepoMappingEntries": []
      }
    }
  }
}
