{
  "lockFileVersion": 13,
  "registryFileHashes": {
    "https://bcr.bazel.build/bazel_registry.json": "8a28e4aff06ee60aed2a8c281907fb8bcbf3b753c91fb5a5c57da3215d5b3497",
    "https://bcr.bazel.build/modules/abseil-cpp/20210324.2/MODULE.bazel": "7cd0312e064fde87c8d1cd79ba06c876bd23630c83466e9500321be55c96ace2",
    "https://bcr.bazel.build/modules/abseil-cpp/20211102.0/MODULE.bazel": "70390338f7a5106231d20620712f7cccb659cd0e9d073d1991c038eb9fc57589",
    "https://bcr.bazel.build/modules/abseil-cpp/20230125.1/MODULE.bazel": "89047429cb0207707b2dface14ba7f8df85273d484c2572755be4bab7ce9c3a0",
    "https://bcr.bazel.build/modules/abseil-cpp/20230802.0.bcr.1/MODULE.bazel": "1c8cec495288dccd14fdae6e3f95f772c1c91857047a098fad772034264cc8cb",
    "https://bcr.bazel.build/modules/abseil-cpp/20230802.1/MODULE.bazel": "fa92e2eb41a04df73cdabeec37107316f7e5272650f81d6cc096418fe647b915",
    "https://bcr.bazel.build/modules/abseil-cpp/20230802.1/source.json": "035b6f1911e17340db722bbc9158f830ee6d5dedba4cb3bcb9e25e590808a32c",
    "https://bcr.bazel.build/modules/apple_support/1.5.0/MODULE.bazel": "50341a62efbc483e8a2a6aec30994a58749bd7b885e18dd96aa8c33031e558ef",
    "https://bcr.bazel.build/modules/apple_support/1.5.0/source.json": "eb98a7627c0bc486b57f598ad8da50f6625d974c8f723e9ea71bd39f709c9862",
    "https://bcr.bazel.build/modules/bazel_features/1.11.0/MODULE.bazel": "f9382337dd5a474c3b7d334c2f83e50b6eaedc284253334cf823044a26de03e8",
    "https://bcr.bazel.build/modules/bazel_features/1.19.0/MODULE.bazel": "59adcdf28230d220f0067b1f435b8537dd033bfff8db21335ef9217919c7fb58",
    "https://bcr.bazel.build/modules/bazel_features/1.28.0/MODULE.bazel": "4b4200e6cbf8fa335b2c3f43e1d6ef3e240319c33d43d60cc0fbd4b87ece299d",
    "https://bcr.bazel.build/modules/bazel_features/1.30.0/MODULE.bazel": "a14b62d05969a293b80257e72e597c2da7f717e1e69fa8b339703ed6731bec87",
    "https://bcr.bazel.build/modules/bazel_features/1.30.0/source.json": "b07e17f067fe4f69f90b03b36ef1e08fe0d1f3cac254c1241a1818773e3423bc",
    "https://bcr.bazel.build/modules/bazel_skylib/1.0.3/MODULE.bazel": "bcb0fd896384802d1ad283b4e4eb4d718eebd8cb820b0a2c3a347fb971afd9d8",
    "https://bcr.bazel.build/modules/bazel_skylib/1.2.0/MODULE.bazel": "44fe84260e454ed94ad326352a698422dbe372b21a1ac9f3eab76eb531223686",
    "https://bcr.bazel.build/modules/bazel_skylib/1.2.1/MODULE.bazel": "f35baf9da0efe45fa3da1696ae906eea3d615ad41e2e3def4aeb4e8bc0ef9a7a",
    "https://bcr.bazel.build/modules/bazel_skylib/1.3.0/MODULE.bazel": "20228b92868bf5cfc41bda7afc8a8ba2a543201851de39d990ec957b513579c5",
    "https://bcr.bazel.build/modules/bazel_skylib/1.4.1/MODULE.bazel": "a0dcb779424be33100dcae821e9e27e4f2901d9dfd5333efe5ac6a8d7ab75e1d",
    "https://bcr.bazel.build/modules/bazel_skylib/1.6.1/MODULE.bazel": "8fdee2dbaace6c252131c00e1de4b165dc65af02ea278476187765e1a617b917",
    "https://bcr.bazel.build/modules/bazel_skylib/1.7.1/MODULE.bazel": "3120d80c5861aa616222ec015332e5f8d3171e062e3e804a2a0253e1be26e59b",
    "https://bcr.bazel.build/modules/bazel_skylib/1.7.1/source.json": "f121b43eeefc7c29efbd51b83d08631e2347297c95aac9764a701f2a6a2bb953",
    "https://bcr.bazel.build/modules/buildozer/7.1.2/MODULE.bazel": "2e8dd40ede9c454042645fd8d8d0cd1527966aa5c919de86661e62953cd73d84",
    "https://bcr.bazel.build/modules/buildozer/7.1.2/source.json": "c9028a501d2db85793a6996205c8de120944f50a0d570438fcae0457a5f9d1f8",
    "https://bcr.bazel.build/modules/googletest/1.11.0/MODULE.bazel": "3a83f095183f66345ca86aa13c58b59f9f94a2f81999c093d4eeaa2d262d12f4",
    "https://bcr.bazel.build/modules/googletest/1.14.0/MODULE.bazel": "cfbcbf3e6eac06ef9d85900f64424708cc08687d1b527f0ef65aa7517af8118f",
    "https://bcr.bazel.build/modules/googletest/1.14.0/source.json": "2478949479000fdd7de9a3d0107ba2c85bb5f961c3ecb1aa448f52549ce310b5",
    "https://bcr.bazel.build/modules/jsoncpp/1.9.5/MODULE.bazel": "31271aedc59e815656f5736f282bb7509a97c7ecb43e927ac1a37966e0578075",
    "https://bcr.bazel.build/modules/jsoncpp/1.9.5/source.json": "4108ee5085dd2885a341c7fab149429db457b3169b86eb081fa245eadf69169d",
    "https://bcr.bazel.build/modules/platforms/0.0.10/MODULE.bazel": "8cb8efaf200bdeb2150d93e162c40f388529a25852b332cec879373771e48ed5",
    "https://bcr.bazel.build/modules/platforms/0.0.11/MODULE.bazel": "0daefc49732e227caa8bfa834d65dc52e8cc18a2faf80df25e8caea151a9413f",
    "https://bcr.bazel.build/modules/platforms/0.0.4/MODULE.bazel": "9b328e31ee156f53f3c416a64f8491f7eb731742655a47c9eec4703a71644aee",
    "https://bcr.bazel.build/modules/platforms/0.0.5/MODULE.bazel": "5733b54ea419d5eaf7997054bb55f6a1d0b5ff8aedf0176fef9eea44f3acda37",
    "https://bcr.bazel.build/modules/platforms/0.0.6/MODULE.bazel": "ad6eeef431dc52aefd2d77ed20a4b353f8ebf0f4ecdd26a807d2da5aa8cd0615",
    "https://bcr.bazel.build/modules/platforms/0.0.7/MODULE.bazel": "72fd4a0ede9ee5c021f6a8dd92b503e089f46c227ba2813ff183b71616034814",
    "https://bcr.bazel.build/modules/platforms/0.0.8/MODULE.bazel": "9f142c03e348f6d263719f5074b21ef3adf0b139ee4c5133e2aa35664da9eb2d",
    "https://bcr.bazel.build/modules/platforms/0.0.9/MODULE.bazel": "4a87a60c927b56ddd67db50c89acaa62f4ce2a1d2149ccb63ffd871d5ce29ebc",
    "https://bcr.bazel.build/modules/platforms/1.0.0/MODULE.bazel": "f05feb42b48f1b3c225e4ccf351f367be0371411a803198ec34a389fb22aa580",
    "https://bcr.bazel.build/modules/platforms/1.0.0/source.json": "f4ff1fd412e0246fd38c82328eb209130ead81d62dcd5a9e40910f867f733d96",
    "https://bcr.bazel.build/modules/protobuf/21.7/MODULE.bazel": "a5a29bb89544f9b97edce05642fac225a808b5b7be74038ea3640fae2f8e66a7",
    "https://bcr.bazel.build/modules/protobuf/27.0/MODULE.bazel": "7873b60be88844a0a1d8f80b9d5d20cfbd8495a689b8763e76c6372998d3f64c",
    "https://bcr.bazel.build/modules/protobuf/27.0/source.json": "1acf3d080c728d42f423fde5422fd0a1a24f44c15908124ce12363a253384193",
    "https://bcr.bazel.build/modules/protobuf/3.19.0/MODULE.bazel": "6b5fbb433f760a99a22b18b6850ed5784ef0e9928a72668b66e4d7ccd47db9b0",
    "https://bcr.bazel.build/modules/protobuf/3.19.6/MODULE.bazel": "9233edc5e1f2ee276a60de3eaa47ac4132302ef9643238f23128fea53ea12858",
    "https://bcr.bazel.build/modules/rules_cc/0.0.1/MODULE.bazel": "cb2aa0747f84c6c3a78dad4e2049c154f08ab9d166b1273835a8174940365647",
    "https://bcr.bazel.build/modules/rules_cc/0.0.15/MODULE.bazel": "6704c35f7b4a72502ee81f61bf88706b54f06b3cbe5558ac17e2e14666cd5dcc",
    "https://bcr.bazel.build/modules/rules_cc/0.0.2/MODULE.bazel": "6915987c90970493ab97393024c156ea8fb9f3bea953b2f3ec05c34f19b5695c",
    "https://bcr.bazel.build/modules/rules_cc/0.0.6/MODULE.bazel": "abf360251023dfe3efcef65ab9d56beefa8394d4176dd29529750e1c57eaa33f",
    "https://bcr.bazel.build/modules/rules_cc/0.0.8/MODULE.bazel": "964c85c82cfeb6f3855e6a07054fdb159aced38e99a5eecf7bce9d53990afa3e",
    "https://bcr.bazel.build/modules/rules_cc/0.0.9/MODULE.bazel": "836e76439f354b89afe6a911a7adf59a6b2518fafb174483ad78a2a2fde7b1c5",
    "https://bcr.bazel.build/modules/rules_cc/0.2.14/MODULE.bazel": "353c99ed148887ee89c54a17d4100ae7e7e436593d104b668476019023b58df8",
    "https://bcr.bazel.build/modules/rules_cc/0.2.14/source.json": "55d0a4587c5592fad350f6e698530f4faf0e7dd15e69d43f8d87e220c78bea54",
    "https://bcr.bazel.build/modules/rules_java/4.0.0/MODULE.bazel": "5a78a7ae82cd1a33cef56dc578c7d2a46ed0dca12643ee45edbb8417899e6f74",
    "https://bcr.bazel.build/modules/rules_java/5.3.5/MODULE.bazel": "a4ec4f2db570171e3e5eb753276ee4b389bae16b96207e9d3230895c99644b86",
    "https://bcr.bazel.build/modules/rules_java/7.3.1/MODULE.bazel": "df449c471377343b3fc41dbf16f00a221208aecdb3e37c1321f03194c09d99c2",
    "https://bcr.bazel.build/modules/rules_java/7.6.5/MODULE.bazel": "481164be5e02e4cab6e77a36927683263be56b7e36fef918b458d7a8a1ebadb1",
    "https://bcr.bazel.build/modules/rules_java/8.15.2/MODULE.bazel": "5cc6698c822b2f9ef90ca5558599851bed8c3b13f1f8eb140d9bfec638d2acb4",
    "https://bcr.bazel.build/modules/rules_java/8.15.2/source.json": "352984cbe6d32fac3bf76449e581ed5bcd54a2da2137fca1559aaf04756b7bfa",
    "https://bcr.bazel.build/modules/rules_jvm_external/4.4.2/MODULE.bazel": "a56b85e418c83eb1839819f0b515c431010160383306d13ec21959ac412d2fe7",
    "https://bcr.bazel.build/modules/rules_jvm_external/5.1/MODULE.bazel": "33f6f999e03183f7d088c9be518a63467dfd0be94a11d0055fe2d210f89aa909",
    "https://bcr.bazel.build/modules/rules_jvm_external/5.1/source.json": "5abb45cc9beb27b77aec6a65a11855ef2b55d95dfdc358e9f312b78ae0ba32d5",
    "https://bcr.bazel.build/modules/rules_license/0.0.3/MODULE.bazel": "627e9ab0247f7d1e05736b59dbb1b6871373de5ad31c3011880b4133cafd4bd0",
    "https://bcr.bazel.build/modules/rules_license/0.0.7/MODULE.bazel": "088fbeb0b6a419005b89cf93fe62d9517c0a2b8bb56af3244af65ecfe37e7d5d",
    "https://bcr.bazel.build/modules/rules_license/1.0.0/MODULE.bazel": "a7fda60eefdf3d8c827262ba499957e4df06f659330bbe6cdbdb975b768bb65c",
    "https://bcr.bazel.build/modules/rules_license/1.0.0/source.json": "a52c89e54cc311196e478f8382df91c15f7a2bfdf4c6cd0e2675cc2ff0b56efb",
    "https://bcr.bazel.build/modules/rules_pkg/0.7.0/MODULE.bazel": "df99f03fc7934a4737122518bb87e667e62d780b610910f0447665a7e2be62dc",
    "https://bcr.bazel.build/modules/rules_pkg/0.7.0/source.json": "c2557066e0c0342223ba592510ad3d812d4963b9024831f7f66fd0584dd8c66c",
    "https://bcr.bazel.build/modules/rules_proto/4.0.0/MODULE.bazel": "a7a7b6ce9bee418c1a760b3d84f83a299ad6952f9903c67f19e4edd964894e06",
    "https://bcr.bazel.build/modules/rules_proto/5.3.0-21.7/MODULE.bazel": "e8dff86b0971688790ae75528fe1813f71809b5afd57facb44dad9e8eca631b7",
    "https://bcr.bazel.build/modules/rules_proto/5.3.0-21.7/source.json": "d57902c052424dfda0e71646cb12668d39c4620ee0544294d9d941e7d12bc3a9",
    "https://bcr.bazel.build/modules/rules_python/0.10.2/MODULE.bazel": "cc82bc96f2997baa545ab3ce73f196d040ffb8756fd2d66125a530031cd90e5f",
    "https://bcr.bazel.build/modules/rules_python/0.22.1/MODULE.bazel": "26114f0c0b5e93018c0c066d6673f1a2c3737c7e90af95eff30cfee38d0bbac7",
    "https://bcr.bazel.build/modules/rules_python/0.22.1/source.json": "57226905e783bae7c37c2dd662be078728e48fa28ee4324a7eabcafb5a43d014",
    "https://bcr.bazel.build/modules/rules_python/0.4.0/MODULE.bazel": "9208ee05fd48bf09ac60ed269791cf17fb343db56c8226a720fbb1cdf467166c",
    "https://bcr.bazel.build/modules/stardoc/0.5.1/MODULE.bazel": "1a05d92974d0c122f5ccf09291442580317cdd859f07a8655f1db9a60374f9f8",
    "https://bcr.bazel.build/modules/stardoc/0.5.3/MODULE.bazel": "c7f6948dae6999bf0db32c1858ae345f112cacf98f174c7a8bb707e41b974f1c",
    "https://bcr.bazel.build/modules/stardoc/0.5.3/source.json": "cd53fe968dc8cd98197c052db3db6d82562960c87b61e7a90ee96f8e4e0dda97",
    "https://bcr.bazel.build/modules/upb/0.0.0-20220923-a547704/MODULE.bazel": "7298990c00040a0e2f121f6c32544bab27d4452f80d9ce51349b1a28f3005c43",
    "https://bcr.bazel.build/modules/zlib/1.2.11/MODULE.bazel": "07b389abc85fdbca459b69e2ec656ae5622873af3f845e1c9d80fe179f3effa0",
    "https://bcr.bazel.build/modules/zlib/1.2.12/MODULE.bazel": "3b1a8834ada2a883674be8cbd36ede1b6ec481477ada359cd2d3ddc562340b27",
    "https://bcr.bazel.build/modules/zlib/1.3.1.bcr.3/MODULE.bazel": "af322bc08976524477c79d1e45e241b6efbeb918c497e8840b8ab116802dda79",
    "https://bcr.bazel.build/modules/zlib/1.3.1.bcr.5/MODULE.bazel": "eec517b5bbe5492629466e11dae908d043364302283de25581e3eb944326c4ca",
    "https://bcr.bazel.build/modules/zlib/1.3.1.bcr.5/source.json": "22bc55c47af97246cfc093d0acf683a7869377de362b5d1c552c2c2e16b7a806"
  },
  "selectedYankedVersions": {},
  "moduleExtensions": {
    "//:extension.bzl%toolchain_configure": {
      "general": {
        "bzlTransitiveDigest": "K9Smarl7RrYeIoWjYW2CZ5aOwH+ABlsZ3dpdjIBfdWo=",
        "usagesDigest": "TpNcQo+ZbnSnYcqGxmbM0vY1x1c9+1DCjLg4BOBr9GM=",
        "recordedFileInputs": {},
        "recordedDirentsInputs": {},
        "envVariables": {},
        "generatedRepoSpecs": {
          "nixpkgs_java_runtime": {
            "bzlFile": "@@rules_nixpkgs_core~//:nixpkgs.bzl",
            "ruleClassName": "_nixpkgs_package",
            "attributes": {
              "unmangled_name": "nixpkgs_java_runtime",
              "attribute_path": "",
              "nix_file_deps": {},
              "nix_file_content": "with import <nixpkgs> { config = {}; overlays = []; };\n\n{ attrPath\n, attrSet\n, filePath\n, javaToolchainVersion\n}:\n\nlet\n  javaHome =\n    if attrSet == null then\n      pkgs.lib.getAttrFromPath (pkgs.lib.splitString \".\" attrPath) pkgs\n    else\n      pkgs.lib.getAttrFromPath (pkgs.lib.splitString \".\" attrPath) attrSet\n    ;\n  javaHomePath =\n    if filePath == \"\" then\n      \"${javaHome}\"\n    else\n      \"${javaHome}/${filePath}\"\n    ;\n  versionArg = if javaToolchainVersion == null then\n    \"# version not set\"\n  else\n    \"version = ${javaToolchainVersion},\";\nin\n\npkgs.runCommand \"bazel-nixpkgs-java-runtime\"\n  { executable = false;\n    # Pointless to do this on a remote machine.\n    preferLocalBuild = true;\n    allowSubstitutes = false;\n  }\n  ''\n    n=$out/BUILD.bazel\n    mkdir -p \"$(dirname \"$n\")\"\n\n    cat >>$n <<EOF\n    load(\"@rules_java//java:defs.bzl\", \"java_runtime\")\n    java_runtime(\n        name = \"runtime\",\n        java_home = r\"${javaHomePath}\",\n        ${versionArg}\n        visibility = [\"//visibility:public\"],\n    )\n    EOF\n  ''\n",
              "nix_license_path": "",
              "repository": "@@rules_nixpkgs_core~~nix_repo~nixpkgs//:nixpkgs",
              "repositories": {},
              "build_file_content": "",
              "nixopts": [
                "--argstr",
                "attrPath",
                "jdk24.home",
                "--arg",
                "attrSet",
                "null",
                "--argstr",
                "filePath",
                "",
                "--argstr",
                "javaToolchainVersion",
                "24"
              ],
              "quiet": false,
              "fail_not_supported": true
            }
          },
          "nixpkgs_java_runtime_toolchain": {
            "bzlFile": "@@rules_nixpkgs_java~//:java.bzl",
            "ruleClassName": "_nixpkgs_java_toolchain",
            "attributes": {
              "runtime_repo": "nixpkgs_java_runtime",
              "runtime_version": "24",
              "runtime_name": "nixpkgs_java",
              "exec_constraints": [],
              "target_constraints": []
            }
          },
          "nixpkgs_config_cc_info": {
            "bzlFile": "@@rules_nixpkgs_core~//:nixpkgs.bzl",
            "ruleClassName": "_nixpkgs_package",
            "attributes": {
              "unmangled_name": "nixpkgs_config_cc_info",
              "attribute_path": "",
              "nix_file": "@@rules_nixpkgs_cc~//:cc.nix",
              "nix_file_deps": {},
              "nix_file_content": "",
              "nix_license_path": "",
              "repository": "@@rules_nixpkgs_core~~nix_repo~nixpkgs//:nixpkgs",
              "repositories": {},
              "build_file_content": "exports_files(['CC_TOOLCHAIN_INFO'])",
              "nixopts": [
                "--argstr",
                "ccType",
                "ccTypeDefault",
                "--argstr",
                "ccLang",
                "c++",
                "--argstr",
                "ccStd",
                "c++0x"
              ],
              "quiet": false,
              "fail_not_supported": true
            }
          },
          "nixpkgs_config_cc": {
            "bzlFile": "@@rules_nixpkgs_cc~//:cc.bzl",
            "ruleClassName": "_nixpkgs_cc_toolchain_config",
            "attributes": {
              "cc_toolchain_info": "@@_main~toolchain_configure~nixpkgs_config_cc_info//:CC_TOOLCHAIN_INFO",
              "fail_not_supported": true,
              "cross_cpu": ""
            }
          },
          "nixpkgs_config_cc_toolchains": {
            "bzlFile": "@@rules_nixpkgs_cc~//:cc.bzl",
            "ruleClassName": "_nixpkgs_cc_toolchain",
            "attributes": {
              "cc_toolchain_config": "nixpkgs_config_cc",
              "exec_constraints": [],
              "target_constraints": [],
              "cross_cpu": ""
            }
          }
        },
        "recordedRepoMappingEntries": [
          [
            "",
            "rules_nixpkgs_cc",
            "rules_nixpkgs_cc~"
          ],
          [
            "",
            "rules_nixpkgs_java",
            "rules_nixpkgs_java~"
          ],
          [
            "rules_nixpkgs_cc~",
            "bazel_skylib",
            "bazel_skylib~"
          ],
          [
            "rules_nixpkgs_cc~",
            "bazel_tools",
            "bazel_tools"
          ],
          [
            "rules_nixpkgs_cc~",
            "rules_nixpkgs_core",
            "rules_nixpkgs_core~"
          ],
          [
            "rules_nixpkgs_core~",
            "bazel_skylib",
            "bazel_skylib~"
          ],
          [
            "rules_nixpkgs_java~",
            "rules_nixpkgs_core",
            "rules_nixpkgs_core~"
          ]
        ]
      }
    },
    "@@apple_support~//crosstool:setup.bzl%apple_cc_configure_extension": {
      "general": {
        "bzlTransitiveDigest": "PjIds3feoYE8SGbbIq2SFTZy3zmxeO2tQevJZNDo7iY=",
        "usagesDigest": "+hz7IHWN6A1oVJJWNDB6yZRG+RYhF76wAYItpAeIUIg=",
        "recordedFileInputs": {},
        "recordedDirentsInputs": {},
        "envVariables": {},
        "generatedRepoSpecs": {
          "local_config_apple_cc_toolchains": {
            "bzlFile": "@@apple_support~//crosstool:setup.bzl",
            "ruleClassName": "_apple_cc_autoconf_toolchains",
            "attributes": {}
          },
          "local_config_apple_cc": {
            "bzlFile": "@@apple_support~//crosstool:setup.bzl",
            "ruleClassName": "_apple_cc_autoconf",
            "attributes": {}
          }
        },
        "recordedRepoMappingEntries": [
          [
            "apple_support~",
            "bazel_tools",
            "bazel_tools"
          ]
        ]
      }
    },
    "@@rules_nixpkgs_core~//extensions:repository.bzl%nix_repo": {
      "general": {
        "bzlTransitiveDigest": "xMSWKvZIEQqlHQX+SsttaWQzaCbbrmu32wouJ4ZLlPw=",
        "usagesDigest": "2J/G0nNvqHZJxuZCHGvYIR+HOr5AV6co3hgJm6rmfk8=",
        "recordedFileInputs": {},
        "recordedDirentsInputs": {},
        "envVariables": {},
        "generatedRepoSpecs": {
          "nixpkgs": {
            "bzlFile": "@@rules_nixpkgs_core~//:nixpkgs.bzl",
            "ruleClassName": "_nixpkgs_local_repository",
            "attributes": {
              "unmangled_name": "nixpkgs",
              "nix_file": "@@//:nixpkgs.nix",
              "nix_file_deps": [
                "@@//:nixpkgs.json"
              ],
              "nix_file_content": ""
            }
          }
        },
        "moduleExtensionMetadata": {
          "explicitRootModuleDirectDeps": [
            "nixpkgs"
          ],
          "explicitRootModuleDirectDevDeps": [],
          "useAllRepos": "NO",
          "reproducible": false
        },
        "recordedRepoMappingEntries": [
          [
            "rules_nixpkgs_core~",
            "bazel_skylib",
            "bazel_skylib~"
          ]
        ]
      }
    }
  }
}
