name: update-flake-lock
on:
  workflow_dispatch: # allows manual triggering
  schedule:
    - cron: '30 4 * * SAT' # runs weekly on Saturday at 4:30

jobs:
  lockfile:
    runs-on: ubuntu-latest
    steps:
      - name: Checkout repository
        uses: actions/checkout@3d3c42e5aac5ba805825da76410c181273ba90b1 # v7.0.1
      - name: Install Nix
        uses: cachix/install-nix-action@13d8dd58da0234aa297dedd986986ccb8e7f3e24 # v31.11.1
        with:
          extra_nix_config: |
            access-tokens = github.com=${{ secrets.GITHUB_TOKEN }}
      - name: Update flake.lock
        uses: DeterminateSystems/update-flake-lock@da03c0f078bc4b2c37ee4f7e072d34bf8f188bb3 # v29
        with:
          path-to-flake-dir: nix
